
Microsoft Visual Studio Solution File, Format Version 12.00
# Visual Studio Version 16
VisualStudioVersion = 16.0.30804.86
MinimumVisualStudioVersion = 10.0.40219.1
Project("{9A19103F-16F7-4668-BE54-9A1E7A4F7556}") = "Trader.API", "Trader.API\Trader.API.csproj", "{B01CA638-2D67-4809-A2E4-B77A86077DD0}"
EndProject
Project("{9A19103F-16F7-4668-BE54-9A1E7A4F7556}") = "Trader.BussinessProcess", "Trader.BussinessProcess\Trader.BussinessProcess.csproj", "{4EF2A04B-D593-4CB7-AB75-151E5999E280}"
EndProject
Project("{9A19103F-16F7-4668-BE54-9A1E7A4F7556}") = "Trader.BinanceModels", "Trader.BinanceModels\Trader.BinanceModels.csproj", "{9A1FA4E3-4A1C-496D-BF39-2DF359EF38EB}"
EndProject
Global
	GlobalSection(SolutionConfigurationPlatforms) = preSolution
		Debug|Any CPU = Debug|Any CPU
		Release|Any CPU = Release|Any CPU
	EndGlobalSection
	GlobalSection(ProjectConfigurationPlatforms) = postSolution
		{B01CA638-2D67-4809-A2E4-B77A86077DD0}.Debug|Any CPU.ActiveCfg = Debug|Any CPU
		{B01CA638-2D67-4809-A2E4-B77A86077DD0}.Debug|Any CPU.Build.0 = Debug|Any CPU
		{B01CA638-2D67-4809-A2E4-B77A86077DD0}.Release|Any CPU.ActiveCfg = Release|Any CPU
		{B01CA638-2D67-4809-A2E4-B77A86077DD0}.Release|Any CPU.Build.0 = Release|Any CPU
		{4EF2A04B-D593-4CB7-AB75-151E5999E280}.Debug|Any CPU.ActiveCfg = Debug|Any CPU
		{4EF2A04B-D593-4CB7-AB75-151E5999E280}.Debug|Any CPU.Build.0 = Debug|Any CPU
		{4EF2A04B-D593-4CB7-AB75-151E5999E280}.Release|Any CPU.ActiveCfg = Release|Any CPU
		{4EF2A04B-D593-4CB7-AB75-151E5999E280}.Release|Any CPU.Build.0 = Release|Any CPU
		{9A1FA4E3-4A1C-496D-BF39-2DF359EF38EB}.Debug|Any CPU.ActiveCfg = Debug|Any CPU
		{9A1FA4E3-4A1C-496D-BF39-2DF359EF38EB}.Debug|Any CPU.Build.0 = Debug|Any CPU
		{9A1FA4E3-4A1C-496D-BF39-2DF359EF38EB}.Release|Any CPU.ActiveCfg = Release|Any CPU
		{9A1FA4E3-4A1C-496D-BF39-2DF359EF38EB}.Release|Any CPU.Build.0 = Release|Any CPU
	EndGlobalSection
	GlobalSection(SolutionProperties) = preSolution
		HideSolutionNode = FALSE
	EndGlobalSection
	GlobalSection(ExtensibilityGlobals) = postSolution
		SolutionGuid = {F51E3366-83E5-4D3E-A3C0-03996BE54676}
	EndGlobalSection
EndGlobal
